
Microsoft Visual Studio Solution File, Format Version 12.00
# Visual Studio Version 17
VisualStudioVersion = 17.10.35122.118
MinimumVisualStudioVersion = 10.0.40219.1
Project("{FAE04EC0-301F-11D3-BF4B-00C04F79EFBC}") = "ExcelToResxConverter", "ExcelToResxConverter\ExcelToResxConverter.csproj", "{7C67A0B5-76CE-4810-9473-36D4F2C99E36}"
EndProject
Global
	GlobalSection(SolutionConfigurationPlatforms) = preSolution
		Debug|Any CPU = Debug|Any CPU
		Release|Any CPU = Release|Any CPU
	EndGlobalSection
	GlobalSection(ProjectConfigurationPlatforms) = postSolution
		{7C67A0B5-76CE-4810-9473-36D4F2C99E36}.Debug|Any CPU.ActiveCfg = Debug|Any CPU
		{7C67A0B5-76CE-4810-9473-36D4F2C99E36}.Debug|Any CPU.Build.0 = Debug|Any CPU
		{7C67A0B5-76CE-4810-9473-36D4F2C99E36}.Release|Any CPU.ActiveCfg = Release|Any CPU
		{7C67A0B5-76CE-4810-9473-36D4F2C99E36}.Release|Any CPU.Build.0 = Release|Any CPU
	EndGlobalSection
	GlobalSection(SolutionProperties) = preSolution
		HideSolutionNode = FALSE
	EndGlobalSection
	GlobalSection(ExtensibilityGlobals) = postSolution
		SolutionGuid = {21D30B54-B824-4EF6-8EED-707540FE1F2C}
	EndGlobalSection
EndGlobal
